// !$*UTF8*$!
{
	archiveVersion = 1;
	classes = {
	};
	objectVersion = 50;
	objects = {

/* Begin PBXBuildFile section */
		60D3C8EA2706086E002F1796 /* AppApp.swift in Sources */ = {isa = PBXBuildFile; fileRef = 60D3C8E92706086E002F1796 /* AppApp.swift */; };
		60D3C8EC2706086E002F1796 /* ContentView.swift in Sources */ = {isa = PBXBuildFile; fileRef = 60D3C8EB2706086E002F1796 /* ContentView.swift */; };
		60D3C8EE27060870002F1796 /* Assets.xcassets in Resources */ = {isa = PBXBuildFile; fileRef = 60D3C8ED27060870002F1796 /* Assets.xcassets */; };
		60D3C8F127060870002F1796 /* Preview Assets.xcassets in Resources */ = {isa = PBXBuildFile; fileRef = 60D3C8F027060870002F1796 /* Preview Assets.xcassets */; };
		60D3C8FC27060870002F1796 /* AppTests.swift in Sources */ = {isa = PBXBuildFile; fileRef = 60D3C8FB27060870002F1796 /* AppTests.swift */; };
		60D3C90727060870002F1796 /* AppUITests.swift in Sources */ = {isa = PBXBuildFile; fileRef = 60D3C90627060870002F1796 /* AppUITests.swift */; };
		60D3C95D27061B5F002F1796 /* Library.framework in Frameworks */ = {isa = PBXBuildFile; fileRef = 60D3C939270608E0002F1796 /* Library.framework */; };
		772DAA6C423431A1C92239F2 /* Pods_AppTests.framework in Frameworks */ = {isa = PBXBuildFile; fileRef = 02FDEA308F3F7930609FFC4E /* Pods_AppTests.framework */; };
		80E3A74AD786D4803EAEFFC0 /* Pods_App.framework in Frameworks */ = {isa = PBXBuildFile; fileRef = CD1A3C3D3B0297BD8F3F6C25 /* Pods_App.framework */; };
/* End PBXBuildFile section */

/* Begin PBXContainerItemProxy section */
		60D3C8F827060870002F1796 /* PBXContainerItemProxy */ = {
			isa = PBXContainerItemProxy;
			containerPortal = 60D3C8DE2706086E002F1796 /* Project object */;
			proxyType = 1;
			remoteGlobalIDString = 60D3C8E52706086E002F1796;
			remoteInfo = App;
		};
		60D3C90327060870002F1796 /* PBXContainerItemProxy */ = {
			isa = PBXContainerItemProxy;
			containerPortal = 60D3C8DE2706086E002F1796 /* Project object */;
			proxyType = 1;
			remoteGlobalIDString = 60D3C8E52706086E002F1796;
			remoteInfo = App;
		};
/* End PBXContainerItemProxy section */

/* Begin PBXFileReference section */
		02FDEA308F3F7930609FFC4E /* Pods_AppTests.framework */ = {isa = PBXFileReference; explicitFileType = wrapper.framework; includeInIndex = 0; path = Pods_AppTests.framework; sourceTree = BUILT_PRODUCTS_DIR; };
		2EB463E792F46E6725AEE17F /* Pods-main-App.release.xcconfig */ = {isa = PBXFileReference; includeInIndex = 1; lastKnownFileType = text.xcconfig; name = "Pods-main-App.release.xcconfig"; path = "Target Support Files/Pods-main-App/Pods-main-App.release.xcconfig"; sourceTree = "<group>"; };
		60D3C8E62706086E002F1796 /* App.app */ = {isa = PBXFileReference; explicitFileType = wrapper.application; includeInIndex = 0; path = App.app; sourceTree = BUILT_PRODUCTS_DIR; };
		60D3C8E92706086E002F1796 /* AppApp.swift */ = {isa = PBXFileReference; lastKnownFileType = sourcecode.swift; path = AppApp.swift; sourceTree = "<group>"; };
		60D3C8EB2706086E002F1796 /* ContentView.swift */ = {isa = PBXFileReference; lastKnownFileType = sourcecode.swift; path = ContentView.swift; sourceTree = "<group>"; };
		60D3C8ED27060870002F1796 /* Assets.xcassets */ = {isa = PBXFileReference; lastKnownFileType = folder.assetcatalog; path = Assets.xcassets; sourceTree = "<group>"; };
		60D3C8F027060870002F1796 /* Preview Assets.xcassets */ = {isa = PBXFileReference; lastKnownFileType = folder.assetcatalog; path = "Preview Assets.xcassets"; sourceTree = "<group>"; };
		60D3C8F227060870002F1796 /* Info.plist */ = {isa = PBXFileReference; lastKnownFileType = text.plist.xml; path = Info.plist; sourceTree = "<group>"; };
		60D3C8F727060870002F1796 /* AppTests.xctest */ = {isa = PBXFileReference; explicitFileType = wrapper.cfbundle; includeInIndex = 0; path = AppTests.xctest; sourceTree = BUILT_PRODUCTS_DIR; };
		60D3C8FB27060870002F1796 /* AppTests.swift */ = {isa = PBXFileReference; lastKnownFileType = sourcecode.swift; path = AppTests.swift; sourceTree = "<group>"; };
		60D3C8FD27060870002F1796 /* Info.plist */ = {isa = PBXFileReference; lastKnownFileType = text.plist.xml; path = Info.plist; sourceTree = "<group>"; };
		60D3C90227060870002F1796 /* AppUITests.xctest */ = {isa = PBXFileReference; explicitFileType = wrapper.cfbundle; includeInIndex = 0; path = AppUITests.xctest; sourceTree = BUILT_PRODUCTS_DIR; };
		60D3C90627060870002F1796 /* AppUITests.swift */ = {isa = PBXFileReference; lastKnownFileType = sourcecode.swift; path = AppUITests.swift; sourceTree = "<group>"; };
		60D3C90827060870002F1796 /* Info.plist */ = {isa = PBXFileReference; lastKnownFileType = text.plist.xml; path = Info.plist; sourceTree = "<group>"; };
		60D3C939270608E0002F1796 /* Library.framework */ = {isa = PBXFileReference; explicitFileType = wrapper.framework; path = Library.framework; sourceTree = BUILT_PRODUCTS_DIR; };
		60D3C94227060C83002F1796 /* Library.framework */ = {isa = PBXFileReference; explicitFileType = wrapper.framework; path = Library.framework; sourceTree = BUILT_PRODUCTS_DIR; };
		60D3C959270617DE002F1796 /* Pods_Lib_Library.framework */ = {isa = PBXFileReference; explicitFileType = wrapper.framework; path = Pods_Lib_Library.framework; sourceTree = BUILT_PRODUCTS_DIR; };
		60D3C95B270617F4002F1796 /* RxSwift.framework */ = {isa = PBXFileReference; explicitFileType = wrapper.framework; path = RxSwift.framework; sourceTree = BUILT_PRODUCTS_DIR; };
		60D3C96227061D81002F1796 /* RxSwift.framework */ = {isa = PBXFileReference; explicitFileType = wrapper.framework; path = RxSwift.framework; sourceTree = BUILT_PRODUCTS_DIR; };
		67167789465451A5394E63D4 /* Pods-App.debug.xcconfig */ = {isa = PBXFileReference; includeInIndex = 1; lastKnownFileType = text.xcconfig; name = "Pods-App.debug.xcconfig"; path = "Target Support Files/Pods-App/Pods-App.debug.xcconfig"; sourceTree = "<group>"; };
		A0B76E4B7C8EFBD8CAEA3040 /* Pods-AppTests.release.xcconfig */ = {isa = PBXFileReference; includeInIndex = 1; lastKnownFileType = text.xcconfig; name = "Pods-AppTests.release.xcconfig"; path = "Target Support Files/Pods-AppTests/Pods-AppTests.release.xcconfig"; sourceTree = "<group>"; };
		CD1A3C3D3B0297BD8F3F6C25 /* Pods_App.framework */ = {isa = PBXFileReference; explicitFileType = wrapper.framework; includeInIndex = 0; path = Pods_App.framework; sourceTree = BUILT_PRODUCTS_DIR; };
		D8EA9670CB39DB80735EA269 /* Pods-AppTests.debug.xcconfig */ = {isa = PBXFileReference; includeInIndex = 1; lastKnownFileType = text.xcconfig; name = "Pods-AppTests.debug.xcconfig"; path = "Target Support Files/Pods-AppTests/Pods-AppTests.debug.xcconfig"; sourceTree = "<group>"; };
		F8007C3785A7E6E3B8116E43 /* Pods-App.release.xcconfig */ = {isa = PBXFileReference; includeInIndex = 1; lastKnownFileType = text.xcconfig; name = "Pods-App.release.xcconfig"; path = "Target Support Files/Pods-App/Pods-App.release.xcconfig"; sourceTree = "<group>"; };
		FFC6C2D672CE735256B921A4 /* Pods-main-App.debug.xcconfig */ = {isa = PBXFileReference; includeInIndex = 1; lastKnownFileType = text.xcconfig; name = "Pods-main-App.debug.xcconfig"; path = "Target Support Files/Pods-main-App/Pods-main-App.debug.xcconfig"; sourceTree = "<group>"; };
/* End PBXFileReference section */

/* Begin PBXFrameworksBuildPhase section */
		60D3C8E32706086E002F1796 /* Frameworks */ = {
			isa = PBXFrameworksBuildPhase;
			buildActionMask = 2147483647;
			files = (
				60D3C95D27061B5F002F1796 /* Library.framework in Frameworks */,
				80E3A74AD786D4803EAEFFC0 /* Pods_App.framework in Frameworks */,
			);
			runOnlyForDeploymentPostprocessing = 0;
		};
		60D3C8F427060870002F1796 /* Frameworks */ = {
			isa = PBXFrameworksBuildPhase;
			buildActionMask = 2147483647;
			files = (
				772DAA6C423431A1C92239F2 /* Pods_AppTests.framework in Frameworks */,
			);
			runOnlyForDeploymentPostprocessing = 0;
		};
		60D3C8FF27060870002F1796 /* Frameworks */ = {
			isa = PBXFrameworksBuildPhase;
			buildActionMask = 2147483647;
			files = (
			);
			runOnlyForDeploymentPostprocessing = 0;
		};
/* End PBXFrameworksBuildPhase section */

/* Begin PBXGroup section */
		60D3C8DD2706086E002F1796 = {
			isa = PBXGroup;
			children = (
				60D3C8E82706086E002F1796 /* App */,
				60D3C8FA27060870002F1796 /* AppTests */,
				60D3C90527060870002F1796 /* AppUITests */,
				60D3C8E72706086E002F1796 /* Products */,
				60D3C938270608E0002F1796 /* Frameworks */,
				E75A52E2D026DAF774082947 /* Pods */,
			);
			sourceTree = "<group>";
		};
		60D3C8E72706086E002F1796 /* Products */ = {
			isa = PBXGroup;
			children = (
				60D3C8E62706086E002F1796 /* App.app */,
				60D3C8F727060870002F1796 /* AppTests.xctest */,
				60D3C90227060870002F1796 /* AppUITests.xctest */,
			);
			name = Products;
			sourceTree = "<group>";
		};
		60D3C8E82706086E002F1796 /* App */ = {
			isa = PBXGroup;
			children = (
				60D3C8E92706086E002F1796 /* AppApp.swift */,
				60D3C8EB2706086E002F1796 /* ContentView.swift */,
				60D3C8ED27060870002F1796 /* Assets.xcassets */,
				60D3C8F227060870002F1796 /* Info.plist */,
				60D3C8EF27060870002F1796 /* Preview Content */,
			);
			path = App;
			sourceTree = "<group>";
		};
		60D3C8EF27060870002F1796 /* Preview Content */ = {
			isa = PBXGroup;
			children = (
				60D3C8F027060870002F1796 /* Preview Assets.xcassets */,
			);
			path = "Preview Content";
			sourceTree = "<group>";
		};
		60D3C8FA27060870002F1796 /* AppTests */ = {
			isa = PBXGroup;
			children = (
				60D3C8FB27060870002F1796 /* AppTests.swift */,
				60D3C8FD27060870002F1796 /* Info.plist */,
			);
			path = AppTests;
			sourceTree = "<group>";
		};
		60D3C90527060870002F1796 /* AppUITests */ = {
			isa = PBXGroup;
			children = (
				60D3C90627060870002F1796 /* AppUITests.swift */,
				60D3C90827060870002F1796 /* Info.plist */,
			);
			path = AppUITests;
			sourceTree = "<group>";
		};
		60D3C938270608E0002F1796 /* Frameworks */ = {
			isa = PBXGroup;
			children = (
				60D3C96227061D81002F1796 /* RxSwift.framework */,
				60D3C95B270617F4002F1796 /* RxSwift.framework */,
				60D3C959270617DE002F1796 /* Pods_Lib_Library.framework */,
				60D3C94227060C83002F1796 /* Library.framework */,
				60D3C939270608E0002F1796 /* Library.framework */,
				02FDEA308F3F7930609FFC4E /* Pods_AppTests.framework */,
				CD1A3C3D3B0297BD8F3F6C25 /* Pods_App.framework */,
			);
			name = Frameworks;
			sourceTree = "<group>";
		};
		E75A52E2D026DAF774082947 /* Pods */ = {
			isa = PBXGroup;
			children = (
				67167789465451A5394E63D4 /* Pods-App.debug.xcconfig */,
				F8007C3785A7E6E3B8116E43 /* Pods-App.release.xcconfig */,
				D8EA9670CB39DB80735EA269 /* Pods-AppTests.debug.xcconfig */,
				A0B76E4B7C8EFBD8CAEA3040 /* Pods-AppTests.release.xcconfig */,
				FFC6C2D672CE735256B921A4 /* Pods-main-App.debug.xcconfig */,
				2EB463E792F46E6725AEE17F /* Pods-main-App.release.xcconfig */,
			);
			name = Pods;
			path = ../Pods;
			sourceTree = "<group>";
		};
/* End PBXGroup section */

/* Begin PBXNativeTarget section */
		60D3C8E52706086E002F1796 /* App */ = {
			isa = PBXNativeTarget;
			buildConfigurationList = 60D3C90B27060870002F1796 /* Build configuration list for PBXNativeTarget "App" */;
			buildPhases = (
				0A55AE5A83CA16CAC0EF305E /* [CP] Check Pods Manifest.lock */,
				60D3C8E22706086E002F1796 /* Sources */,
				60D3C8E32706086E002F1796 /* Frameworks */,
				60D3C8E42706086E002F1796 /* Resources */,
			);
			buildRules = (
			);
			dependencies = (
			);
			name = App;
			productName = App;
			productReference = 60D3C8E62706086E002F1796 /* App.app */;
			productType = "com.apple.product-type.application";
		};
		60D3C8F627060870002F1796 /* AppTests */ = {
			isa = PBXNativeTarget;
			buildConfigurationList = 60D3C90E27060870002F1796 /* Build configuration list for PBXNativeTarget "AppTests" */;
			buildPhases = (
				CB37EC30C816295E43C6F4C4 /* [CP] Check Pods Manifest.lock */,
				60D3C8F327060870002F1796 /* Sources */,
				60D3C8F427060870002F1796 /* Frameworks */,
				60D3C8F527060870002F1796 /* Resources */,
			);
			buildRules = (
			);
			dependencies = (
				60D3C8F927060870002F1796 /* PBXTargetDependency */,
			);
			name = AppTests;
			productName = AppTests;
			productReference = 60D3C8F727060870002F1796 /* AppTests.xctest */;
			productType = "com.apple.product-type.bundle.unit-test";
		};
		60D3C90127060870002F1796 /* AppUITests */ = {
			isa = PBXNativeTarget;
			buildConfigurationList = 60D3C91127060870002F1796 /* Build configuration list for PBXNativeTarget "AppUITests" */;
			buildPhases = (
				60D3C8FE27060870002F1796 /* Sources */,
				60D3C8FF27060870002F1796 /* Frameworks */,
				60D3C90027060870002F1796 /* Resources */,
			);
			buildRules = (
			);
			dependencies = (
				60D3C90427060870002F1796 /* PBXTargetDependency */,
			);
			name = AppUITests;
			productName = AppUITests;
			productReference = 60D3C90227060870002F1796 /* AppUITests.xctest */;
			productType = "com.apple.product-type.bundle.ui-testing";
		};
/* End PBXNativeTarget section */

/* Begin PBXProject section */
		60D3C8DE2706086E002F1796 /* Project object */ = {
			isa = PBXProject;
			attributes = {
				LastSwiftUpdateCheck = 1250;
				LastUpgradeCheck = 1250;
				TargetAttributes = {
					60D3C8E52706086E002F1796 = {
						CreatedOnToolsVersion = 12.5.1;
					};
					60D3C8F627060870002F1796 = {
						CreatedOnToolsVersion = 12.5.1;
						TestTargetID = 60D3C8E52706086E002F1796;
					};
					60D3C90127060870002F1796 = {
						CreatedOnToolsVersion = 12.5.1;
						TestTargetID = 60D3C8E52706086E002F1796;
					};
				};
			};
			buildConfigurationList = 60D3C8E12706086E002F1796 /* Build configuration list for PBXProject "App" */;
			compatibilityVersion = "Xcode 9.3";
			developmentRegion = en;
			hasScannedForEncodings = 0;
			knownRegions = (
				en,
				Base,
			);
			mainGroup = 60D3C8DD2706086E002F1796;
			productRefGroup = 60D3C8E72706086E002F1796 /* Products */;
			projectDirPath = "";
			projectRoot = "";
			targets = (
				60D3C8E52706086E002F1796 /* App */,
				60D3C8F627060870002F1796 /* AppTests */,
				60D3C90127060870002F1796 /* AppUITests */,
			);
		};
/* End PBXProject section */

/* Begin PBXResourcesBuildPhase section */
		60D3C8E42706086E002F1796 /* Resources */ = {
			isa = PBXResourcesBuildPhase;
			buildActionMask = 2147483647;
			files = (
				60D3C8F127060870002F1796 /* Preview Assets.xcassets in Resources */,
				60D3C8EE27060870002F1796 /* Assets.xcassets in Resources */,
			);
			runOnlyForDeploymentPostprocessing = 0;
		};
		60D3C8F527060870002F1796 /* Resources */ = {
			isa = PBXResourcesBuildPhase;
			buildActionMask = 2147483647;
			files = (
			);
			runOnlyForDeploymentPostprocessing = 0;
		};
		60D3C90027060870002F1796 /* Resources */ = {
			isa = PBXResourcesBuildPhase;
			buildActionMask = 2147483647;
			files = (
			);
			runOnlyForDeploymentPostprocessing = 0;
		};
/* End PBXResourcesBuildPhase section */

/* Begin PBXShellScriptBuildPhase section */
		0A55AE5A83CA16CAC0EF305E /* [CP] Check Pods Manifest.lock */ = {
			isa = PBXShellScriptBuildPhase;
			buildActionMask = 2147483647;
			files = (
			);
			inputFileListPaths = (
			);
			inputPaths = (
				"${PODS_PODFILE_DIR_PATH}/Podfile.lock",
				"${PODS_ROOT}/Manifest.lock",
			);
			name = "[CP] Check Pods Manifest.lock";
			outputFileListPaths = (
			);
			outputPaths = (
				"$(DERIVED_FILE_DIR)/Pods-App-checkManifestLockResult.txt",
			);
			runOnlyForDeploymentPostprocessing = 0;
			shellPath = /bin/sh;
			shellScript = "diff \"${PODS_PODFILE_DIR_PATH}/Podfile.lock\" \"${PODS_ROOT}/Manifest.lock\" > /dev/null\nif [ $? != 0 ] ; then\n    # print error to STDERR\n    echo \"error: The sandbox is not in sync with the Podfile.lock. Run 'pod install' or update your CocoaPods installation.\" >&2\n    exit 1\nfi\n# This output is used by Xcode 'outputs' to avoid re-running this script phase.\necho \"SUCCESS\" > \"${SCRIPT_OUTPUT_FILE_0}\"\n";
			showEnvVarsInLog = 0;
		};
		CB37EC30C816295E43C6F4C4 /* [CP] Check Pods Manifest.lock */ = {
			isa = PBXShellScriptBuildPhase;
			buildActionMask = 2147483647;
			files = (
			);
			inputFileListPaths = (
			);
			inputPaths = (
				"${PODS_PODFILE_DIR_PATH}/Podfile.lock",
				"${PODS_ROOT}/Manifest.lock",
			);
			name = "[CP] Check Pods Manifest.lock";
			outputFileListPaths = (
			);
			outputPaths = (
				"$(DERIVED_FILE_DIR)/Pods-AppTests-checkManifestLockResult.txt",
			);
			runOnlyForDeploymentPostprocessing = 0;
			shellPath = /bin/sh;
			shellScript = "diff \"${PODS_PODFILE_DIR_PATH}/Podfile.lock\" \"${PODS_ROOT}/Manifest.lock\" > /dev/null\nif [ $? != 0 ] ; then\n    # print error to STDERR\n    echo \"error: The sandbox is not in sync with the Podfile.lock. Run 'pod install' or update your CocoaPods installation.\" >&2\n    exit 1\nfi\n# This output is used by Xcode 'outputs' to avoid re-running this script phase.\necho \"SUCCESS\" > \"${SCRIPT_OUTPUT_FILE_0}\"\n";
			showEnvVarsInLog = 0;
		};
/* End PBXShellScriptBuildPhase section */

/* Begin PBXSourcesBuildPhase section */
		60D3C8E22706086E002F1796 /* Sources */ = {
			isa = PBXSourcesBuildPhase;
			buildActionMask = 2147483647;
			files = (
				60D3C8EC2706086E002F1796 /* ContentView.swift in Sources */,
				60D3C8EA2706086E002F1796 /* AppApp.swift in Sources */,
			);
			runOnlyForDeploymentPostprocessing = 0;
		};
		60D3C8F327060870002F1796 /* Sources */ = {
			isa = PBXSourcesBuildPhase;
			buildActionMask = 2147483647;
			files = (
				60D3C8FC27060870002F1796 /* AppTests.swift in Sources */,
			);
			runOnlyForDeploymentPostprocessing = 0;
		};
		60D3C8FE27060870002F1796 /* Sources */ = {
			isa = PBXSourcesBuildPhase;
			buildActionMask = 2147483647;
			files = (
				60D3C90727060870002F1796 /* AppUITests.swift in Sources */,
			);
			runOnlyForDeploymentPostprocessing = 0;
		};
/* End PBXSourcesBuildPhase section */

/* Begin PBXTargetDependency section */
		60D3C8F927060870002F1796 /* PBXTargetDependency */ = {
			isa = PBXTargetDependency;
			target = 60D3C8E52706086E002F1796 /* App */;
			targetProxy = 60D3C8F827060870002F1796 /* PBXContainerItemProxy */;
		};
		60D3C90427060870002F1796 /* PBXTargetDependency */ = {
			isa = PBXTargetDependency;
			target = 60D3C8E52706086E002F1796 /* App */;
			targetProxy = 60D3C90327060870002F1796 /* PBXContainerItemProxy */;
		};
/* End PBXTargetDependency section */

/* Begin XCBuildConfiguration section */
		60D3C90927060870002F1796 /* Debug */ = {
			isa = XCBuildConfiguration;
			buildSettings = {
				ALWAYS_SEARCH_USER_PATHS = NO;
				CLANG_ANALYZER_NONNULL = YES;
				CLANG_ANALYZER_NUMBER_OBJECT_CONVERSION = YES_AGGRESSIVE;
				CLANG_CXX_LANGUAGE_STANDARD = "gnu++14";
				CLANG_CXX_LIBRARY = "libc++";
				CLANG_ENABLE_MODULES = YES;
				CLANG_ENABLE_OBJC_ARC = YES;
				CLANG_ENABLE_OBJC_WEAK = YES;
				CLANG_WARN_BLOCK_CAPTURE_AUTORELEASING = YES;
				CLANG_WARN_BOOL_CONVERSION = YES;
				CLANG_WARN_COMMA = YES;
				CLANG_WARN_CONSTANT_CONVERSION = YES;
				CLANG_WARN_DEPRECATED_OBJC_IMPLEMENTATIONS = YES;
				CLANG_WARN_DIRECT_OBJC_ISA_USAGE = YES_ERROR;
				CLANG_WARN_DOCUMENTATION_COMMENTS = YES;
				CLANG_WARN_EMPTY_BODY = YES;
				CLANG_WARN_ENUM_CONVERSION = YES;
				CLANG_WARN_INFINITE_RECURSION = YES;
				CLANG_WARN_INT_CONVERSION = YES;
				CLANG_WARN_NON_LITERAL_NULL_CONVERSION = YES;
				CLANG_WARN_OBJC_IMPLICIT_RETAIN_SELF = YES;
				CLANG_WARN_OBJC_LITERAL_CONVERSION = YES;
				CLANG_WARN_OBJC_ROOT_CLASS = YES_ERROR;
				CLANG_WARN_QUOTED_INCLUDE_IN_FRAMEWORK_HEADER = YES;
				CLANG_WARN_RANGE_LOOP_ANALYSIS = YES;
				CLANG_WARN_STRICT_PROTOTYPES = YES;
				CLANG_WARN_SUSPICIOUS_MOVE = YES;
				CLANG_WARN_UNGUARDED_AVAILABILITY = YES_AGGRESSIVE;
				CLANG_WARN_UNREACHABLE_CODE = YES;
				CLANG_WARN__DUPLICATE_METHOD_MATCH = YES;
				COPY_PHASE_STRIP = NO;
				DEBUG_INFORMATION_FORMAT = dwarf;
				ENABLE_STRICT_OBJC_MSGSEND = YES;
				ENABLE_TESTABILITY = YES;
				GCC_C_LANGUAGE_STANDARD = gnu11;
				GCC_DYNAMIC_NO_PIC = NO;
				GCC_NO_COMMON_BLOCKS = YES;
				GCC_OPTIMIZATION_LEVEL = 0;
				GCC_PREPROCESSOR_DEFINITIONS = (
					"DEBUG=1",
					"$(inherited)",
				);
				GCC_WARN_64_TO_32_BIT_CONVERSION = YES;
				GCC_WARN_ABOUT_RETURN_TYPE = YES_ERROR;
				GCC_WARN_UNDECLARED_SELECTOR = YES;
				GCC_WARN_UNINITIALIZED_AUTOS = YES_AGGRESSIVE;
				GCC_WARN_UNUSED_FUNCTION = YES;
				GCC_WARN_UNUSED_VARIABLE = YES;
				IPHONEOS_DEPLOYMENT_TARGET = 13.0;
				MTL_ENABLE_DEBUG_INFO = INCLUDE_SOURCE;
				MTL_FAST_MATH = YES;
				ONLY_ACTIVE_ARCH = YES;
				SDKROOT = iphoneos;
				SWIFT_ACTIVE_COMPILATION_CONDITIONS = DEBUG;
				SWIFT_OPTIMIZATION_LEVEL = "-Onone";
			};
			name = Debug;
		};
		60D3C90A27060870002F1796 /* Release */ = {
			isa = XCBuildConfiguration;
			buildSettings = {
				ALWAYS_SEARCH_USER_PATHS = NO;
				CLANG_ANALYZER_NONNULL = YES;
				CLANG_ANALYZER_NUMBER_OBJECT_CONVERSION = YES_AGGRESSIVE;
				CLANG_CXX_LANGUAGE_STANDARD = "gnu++14";
				CLANG_CXX_LIBRARY = "libc++";
				CLANG_ENABLE_MODULES = YES;
				CLANG_ENABLE_OBJC_ARC = YES;
				CLANG_ENABLE_OBJC_WEAK = YES;
				CLANG_WARN_BLOCK_CAPTURE_AUTORELEASING = YES;
				CLANG_WARN_BOOL_CONVERSION = YES;
				CLANG_WARN_COMMA = YES;
				CLANG_WARN_CONSTANT_CONVERSION = YES;
				CLANG_WARN_DEPRECATED_OBJC_IMPLEMENTATIONS = YES;
				CLANG_WARN_DIRECT_OBJC_ISA_USAGE = YES_ERROR;
				CLANG_WARN_DOCUMENTATION_COMMENTS = YES;
				CLANG_WARN_EMPTY_BODY = YES;
				CLANG_WARN_ENUM_CONVERSION = YES;
				CLANG_WARN_INFINITE_RECURSION = YES;
				CLANG_WARN_INT_CONVERSION = YES;
				CLANG_WARN_NON_LITERAL_NULL_CONVERSION = YES;
				CLANG_WARN_OBJC_IMPLICIT_RETAIN_SELF = YES;
				CLANG_WARN_OBJC_LITERAL_CONVERSION = YES;
				CLANG_WARN_OBJC_ROOT_CLASS = YES_ERROR;
				CLANG_WARN_QUOTED_INCLUDE_IN_FRAMEWORK_HEADER = YES;
				CLANG_WARN_RANGE_LOOP_ANALYSIS = YES;
				CLANG_WARN_STRICT_PROTOTYPES = YES;
				CLANG_WARN_SUSPICIOUS_MOVE = YES;
				CLANG_WARN_UNGUARDED_AVAILABILITY = YES_AGGRESSIVE;
				CLANG_WARN_UNREACHABLE_CODE = YES;
				CLANG_WARN__DUPLICATE_METHOD_MATCH = YES;
				COPY_PHASE_STRIP = NO;
				DEBUG_INFORMATION_FORMAT = "dwarf-with-dsym";
				ENABLE_NS_ASSERTIONS = NO;
				ENABLE_STRICT_OBJC_MSGSEND = YES;
				GCC_C_LANGUAGE_STANDARD = gnu11;
				GCC_NO_COMMON_BLOCKS = YES;
				GCC_WARN_64_TO_32_BIT_CONVERSION = YES;
				GCC_WARN_ABOUT_RETURN_TYPE = YES_ERROR;
				GCC_WARN_UNDECLARED_SELECTOR = YES;
				GCC_WARN_UNINITIALIZED_AUTOS = YES_AGGRESSIVE;
				GCC_WARN_UNUSED_FUNCTION = YES;
				GCC_WARN_UNUSED_VARIABLE = YES;
				IPHONEOS_DEPLOYMENT_TARGET = 13.0;
				MTL_ENABLE_DEBUG_INFO = NO;
				MTL_FAST_MATH = YES;
				SDKROOT = iphoneos;
				SWIFT_COMPILATION_MODE = wholemodule;
				SWIFT_OPTIMIZATION_LEVEL = "-O";
				VALIDATE_PRODUCT = YES;
			};
			name = Release;
		};
		60D3C90C27060870002F1796 /* Debug */ = {
			isa = XCBuildConfiguration;
			baseConfigurationReference = 67167789465451A5394E63D4 /* Pods-App.debug.xcconfig */;
			buildSettings = {
				ASSETCATALOG_COMPILER_APPICON_NAME = AppIcon;
				ASSETCATALOG_COMPILER_GLOBAL_ACCENT_COLOR_NAME = AccentColor;
				CODE_SIGN_STYLE = Automatic;
				DEVELOPMENT_ASSET_PATHS = "\"App/Preview Content\"";
				DEVELOPMENT_TEAM = 32346WJ7MX;
				ENABLE_PREVIEWS = YES;
				INFOPLIST_FILE = App/Info.plist;
				IPHONEOS_DEPLOYMENT_TARGET = 14.0;
				LD_RUNPATH_SEARCH_PATHS = (
					"$(inherited)",
					"@executable_path/Frameworks",
				);
				PRODUCT_BUNDLE_IDENTIFIER = com.ailleron.ilumio.concierge.App;
				PRODUCT_NAME = "$(TARGET_NAME)";
				SWIFT_VERSION = 5.0;
				TARGETED_DEVICE_FAMILY = "1,2";
			};
			name = Debug;
		};
		60D3C90D27060870002F1796 /* Release */ = {
			isa = XCBuildConfiguration;
			baseConfigurationReference = F8007C3785A7E6E3B8116E43 /* Pods-App.release.xcconfig */;
			buildSettings = {
				ASSETCATALOG_COMPILER_APPICON_NAME = AppIcon;
				ASSETCATALOG_COMPILER_GLOBAL_ACCENT_COLOR_NAME = AccentColor;
				CODE_SIGN_STYLE = Automatic;
				DEVELOPMENT_ASSET_PATHS = "\"App/Preview Content\"";
				DEVELOPMENT_TEAM = 32346WJ7MX;
				ENABLE_PREVIEWS = YES;
				INFOPLIST_FILE = App/Info.plist;
				IPHONEOS_DEPLOYMENT_TARGET = 14.0;
				LD_RUNPATH_SEARCH_PATHS = (
					"$(inherited)",
					"@executable_path/Frameworks",
				);
				PRODUCT_BUNDLE_IDENTIFIER = com.ailleron.ilumio.concierge.App;
				PRODUCT_NAME = "$(TARGET_NAME)";
				SWIFT_VERSION = 5.0;
				TARGETED_DEVICE_FAMILY = "1,2";
			};
			name = Release;
		};
		60D3C90F27060870002F1796 /* Debug */ = {
			isa = XCBuildConfiguration;
			baseConfigurationReference = D8EA9670CB39DB80735EA269 /* Pods-AppTests.debug.xcconfig */;
			buildSettings = {
				ALWAYS_EMBED_SWIFT_STANDARD_LIBRARIES = YES;
				BUNDLE_LOADER = "$(TEST_HOST)";
				CODE_SIGN_STYLE = Automatic;
				DEVELOPMENT_TEAM = 32346WJ7MX;
				INFOPLIST_FILE = AppTests/Info.plist;
				IPHONEOS_DEPLOYMENT_TARGET = 14.0;
				LD_RUNPATH_SEARCH_PATHS = (
					"$(inherited)",
					"@executable_path/Frameworks",
					"@loader_path/Frameworks",
				);
				PRODUCT_BUNDLE_IDENTIFIER = com.ailleron.ilumio.concierge.AppTests;
				PRODUCT_NAME = "$(TARGET_NAME)";
				SWIFT_VERSION = 5.0;
				TARGETED_DEVICE_FAMILY = "1,2";
				TEST_HOST = "$(BUILT_PRODUCTS_DIR)/App.app/App";
			};
			name = Debug;
		};
		60D3C91027060870002F1796 /* Release */ = {
			isa = XCBuildConfiguration;
			baseConfigurationReference = A0B76E4B7C8EFBD8CAEA3040 /* Pods-AppTests.release.xcconfig */;
			buildSettings = {
				ALWAYS_EMBED_SWIFT_STANDARD_LIBRARIES = YES;
				BUNDLE_LOADER = "$(TEST_HOST)";
				CODE_SIGN_STYLE = Automatic;
				DEVELOPMENT_TEAM = 32346WJ7MX;
				INFOPLIST_FILE = AppTests/Info.plist;
				IPHONEOS_DEPLOYMENT_TARGET = 14.0;
				LD_RUNPATH_SEARCH_PATHS = (
					"$(inherited)",
					"@executable_path/Frameworks",
					"@loader_path/Frameworks",
				);
				PRODUCT_BUNDLE_IDENTIFIER = com.ailleron.ilumio.concierge.AppTests;
				PRODUCT_NAME = "$(TARGET_NAME)";
				SWIFT_VERSION = 5.0;
				TARGETED_DEVICE_FAMILY = "1,2";
				TEST_HOST = "$(BUILT_PRODUCTS_DIR)/App.app/App";
			};
			name = Release;
		};
		60D3C91227060870002F1796 /* Debug */ = {
			isa = XCBuildConfiguration;
			buildSettings = {
				ALWAYS_EMBED_SWIFT_STANDARD_LIBRARIES = YES;
				CODE_SIGN_STYLE = Automatic;
				DEVELOPMENT_TEAM = 32346WJ7MX;
				INFOPLIST_FILE = AppUITests/Info.plist;
				LD_RUNPATH_SEARCH_PATHS = (
					"$(inherited)",
					"@executable_path/Frameworks",
					"@loader_path/Frameworks",
				);
				PRODUCT_BUNDLE_IDENTIFIER = com.ailleron.ilumio.concierge.AppUITests;
				PRODUCT_NAME = "$(TARGET_NAME)";
				SWIFT_VERSION = 5.0;
				TARGETED_DEVICE_FAMILY = "1,2";
				TEST_TARGET_NAME = App;
			};
			name = Debug;
		};
		60D3C91327060870002F1796 /* Release */ = {
			isa = XCBuildConfiguration;
			buildSettings = {
				ALWAYS_EMBED_SWIFT_STANDARD_LIBRARIES = YES;
				CODE_SIGN_STYLE = Automatic;
				DEVELOPMENT_TEAM = 32346WJ7MX;
				INFOPLIST_FILE = AppUITests/Info.plist;
				LD_RUNPATH_SEARCH_PATHS = (
					"$(inherited)",
					"@executable_path/Frameworks",
					"@loader_path/Frameworks",
				);
				PRODUCT_BUNDLE_IDENTIFIER = com.ailleron.ilumio.concierge.AppUITests;
				PRODUCT_NAME = "$(TARGET_NAME)";
				SWIFT_VERSION = 5.0;
				TARGETED_DEVICE_FAMILY = "1,2";
				TEST_TARGET_NAME = App;
			};
			name = Release;
		};
/* End XCBuildConfiguration section */

/* Begin XCConfigurationList section */
		60D3C8E12706086E002F1796 /* Build configuration list for PBXProject "App" */ = {
			isa = XCConfigurationList;
			buildConfigurations = (
				60D3C90927060870002F1796 /* Debug */,
				60D3C90A27060870002F1796 /* Release */,
			);
			defaultConfigurationIsVisible = 0;
			defaultConfigurationName = Release;
		};
		60D3C90B27060870002F1796 /* Build configuration list for PBXNativeTarget "App" */ = {
			isa = XCConfigurationList;
			buildConfigurations = (
				60D3C90C27060870002F1796 /* Debug */,
				60D3C90D27060870002F1796 /* Release */,
			);
			defaultConfigurationIsVisible = 0;
			defaultConfigurationName = Release;
		};
		60D3C90E27060870002F1796 /* Build configuration list for PBXNativeTarget "AppTests" */ = {
			isa = XCConfigurationList;
			buildConfigurations = (
				60D3C90F27060870002F1796 /* Debug */,
				60D3C91027060870002F1796 /* Release */,
			);
			defaultConfigurationIsVisible = 0;
			defaultConfigurationName = Release;
		};
		60D3C91127060870002F1796 /* Build configuration list for PBXNativeTarget "AppUITests" */ = {
			isa = XCConfigurationList;
			buildConfigurations = (
				60D3C91227060870002F1796 /* Debug */,
				60D3C91327060870002F1796 /* Release */,
			);
			defaultConfigurationIsVisible = 0;
			defaultConfigurationName = Release;
		};
/* End XCConfigurationList section */
	};
	rootObject = 60D3C8DE2706086E002F1796 /* Project object */;
}
